# This file is generated by running "yarn install" inside your project.
# Manual changes might be lost - proceed with caution!

__metadata:
  version: 6
  cacheKey: 8

"@babel/helper-string-parser@npm:^7.18.10":
  version: 7.18.10
  resolution: "@babel/helper-string-parser@npm:7.18.10"
  checksum: d554a4393365b624916b5c00a4cc21c990c6617e7f3fe30be7d9731f107f12c33229a7a3db9d829bfa110d2eb9f04790745d421640e3bd245bb412dc0ea123c1
  languageName: node
  linkType: hard

"@babel/helper-validator-identifier@npm:^7.18.6":
  version: 7.18.6
  resolution: "@babel/helper-validator-identifier@npm:7.18.6"
  checksum: e295254d616bbe26e48c196a198476ab4d42a73b90478c9842536cf910ead887f5af6b5c4df544d3052a25ccb3614866fa808dc1e3a5a4291acd444e243c0648
  languageName: node
  linkType: hard

"@babel/parser@npm:^7.9.4":
  version: 7.18.3
  resolution: "@babel/parser@npm:7.18.3"
  bin:
    parser: ./bin/babel-parser.js
  checksum: 6894b3266f84b6c6b52bf09e7f61526efc35d8afa72ff0ad9aecb27a4b6de02d1ebc7f61fc3ae7c0fd8ecb5ac17083d1f27c1b3176e5eac41131d7160a9a7d88
  languageName: node
  linkType: hard

"@babel/runtime@npm:^7.17.2":
  version: 7.17.9
  resolution: "@babel/runtime@npm:7.17.9"
  dependencies:
    regenerator-runtime: ^0.13.4
  checksum: 4d56bdb82890f386d5a57c40ef985a0ed7f0a78f789377a2d0c3e8826819e0f7f16ba0fe906d9b2241c5f7ca56630ef0653f5bb99f03771f7b87ff8af4bf5fe3
  languageName: node
  linkType: hard

"@babel/types@npm:^7.8.3":
  version: 7.18.13
  resolution: "@babel/types@npm:7.18.13"
  dependencies:
    "@babel/helper-string-parser": ^7.18.10
    "@babel/helper-validator-identifier": ^7.18.6
    to-fast-properties: ^2.0.0
  checksum: abc3ad1f3b6864df0ea0e778bcdf7d2c5ee2293811192962d50e8a8c05c1aeec90a48275f53b2a45aad882ed8bef9477ae1f8e70ac1d44d039e14930d1388dcc
  languageName: node
  linkType: hard

"@discordjs/builders@npm:^1.0.0":
  version: 1.0.0
  resolution: "@discordjs/builders@npm:1.0.0"
  dependencies:
    "@sapphire/shapeshift": ^3.5.1
    discord-api-types: ^0.36.2
    fast-deep-equal: ^3.1.3
    ts-mixer: ^6.0.1
    tslib: ^2.4.0
  checksum: eeb627c772a2bd1fea1bddd58d46d391c30d0e2411cc3976386b7efc2048724e6bfd204ba848724ebd6d04791b358637c3a9eee878f924ef525c4920bfbfa2de
  languageName: node
  linkType: hard

"@discordjs/collection@npm:^1.0.0":
  version: 1.0.0
  resolution: "@discordjs/collection@npm:1.0.0"
  checksum: d8eafd35e782a6a2ee83a22c31679958bc827fce8cd5ffc7e5942cf681c96fd9543334b48c743ecda45179fcefa8d7be7a13f771d7f14effaec8a8ca25077031
  languageName: node
  linkType: hard

"@discordjs/rest@npm:^1.0.0":
  version: 1.0.0
  resolution: "@discordjs/rest@npm:1.0.0"
  dependencies:
    "@discordjs/collection": ^1.0.0
    "@sapphire/async-queue": ^1.3.2
    "@sapphire/snowflake": ^3.2.2
    discord-api-types: ^0.36.2
    file-type: ^17.1.2
    tslib: ^2.4.0
    undici: ^5.7.0
  checksum: dfe4348ce3d9cd7e91b1ee090b4b7c9eaf9f0b5a2acb4e2a1e71cb9a08afa260393190db5461e5873663d7d3bd29fbeda1ebec1bd74dcce87577371cf887cbbe
  languageName: node
  linkType: hard

"@sapphire/async-queue@npm:^1.3.2":
  version: 1.3.2
  resolution: "@sapphire/async-queue@npm:1.3.2"
  checksum: 348f35a278bff68cb6d5e2c2219b03ce66243162522003bb14426e5fdad251300bea8ef3883043eb034c181dddd52296a519e9f377075a5b31074807fe163e76
  languageName: node
  linkType: hard

"@sapphire/shapeshift@npm:^3.5.1":
  version: 3.5.1
  resolution: "@sapphire/shapeshift@npm:3.5.1"
  dependencies:
    fast-deep-equal: ^3.1.3
    lodash.uniqwith: ^4.5.0
  checksum: caecfef844c9e43e921a5051da888fae7da8980bfd9f9bb4f7fee85931d40929ffb9b6dfae464c0dccee61e56f7698f998e4d9a54d25f35fad39a51ba1a4f391
  languageName: node
  linkType: hard

"@sapphire/snowflake@npm:^3.2.2":
  version: 3.2.2
  resolution: "@sapphire/snowflake@npm:3.2.2"
  checksum: 315fecef4738092c2a2f3509b132b811fcbfa6c98d5d45d951adaf3ca21608be69043bcc137cc6933a7c3e55cbdc066daa5bb484603e6575422b335445b59315
  languageName: node
  linkType: hard

"@tokenizer/token@npm:^0.3.0":
  version: 0.3.0
  resolution: "@tokenizer/token@npm:0.3.0"
  checksum: 1d575d02d2a9f0c5a4ca5180635ebd2ad59e0f18b42a65f3d04844148b49b3db35cf00b6012a1af2d59c2ab3caca59451c5689f747ba8667ee586ad717ee58e1
  languageName: node
  linkType: hard

"@types/linkify-it@npm:*":
  version: 3.0.2
  resolution: "@types/linkify-it@npm:3.0.2"
  checksum: dff8f10fafb885422474e456596f12d518ec4cdd6c33cca7a08e7c86b912d301ed91cf5a7613e148c45a12600dc9ab3d85ad16d5b48dc1aaeda151a68f16b536
  languageName: node
  linkType: hard

"@types/markdown-it@npm:^12.2.3":
  version: 12.2.3
  resolution: "@types/markdown-it@npm:12.2.3"
  dependencies:
    "@types/linkify-it": "*"
    "@types/mdurl": "*"
  checksum: 868824a3e4d00718ba9cd4762cf16694762a670860f4b402e6e9f952b6841a2027488bdc55d05c2b960bf5078df21a9d041270af7e8949514645fe88fdb722ac
  languageName: node
  linkType: hard

"@types/mdurl@npm:*":
  version: 1.0.2
  resolution: "@types/mdurl@npm:1.0.2"
  checksum: 79c7e523b377f53cf1f5a240fe23d0c6cae856667692bd21bf1d064eafe5ccc40ae39a2aa0a9a51e8c94d1307228c8f6b121e847124591a9a828c3baf65e86e2
  languageName: node
  linkType: hard

"@types/node@npm:*":
  version: 18.0.6
  resolution: "@types/node@npm:18.0.6"
  checksum: 780f8885a6b6eb12f4c0246617747fdc37a451931b3c01ce8148d356c0903b705dcb16cc6a914de63d48b0dc1b002c7a3dfae681f580e1761aa551d3cd996813
  languageName: node
  linkType: hard

"@types/ws@npm:^8.5.3":
  version: 8.5.3
  resolution: "@types/ws@npm:8.5.3"
  dependencies:
    "@types/node": "*"
  checksum: 0ce46f850d41383fcdc2149bcacc86d7232fa7a233f903d2246dff86e31701a02f8566f40af5f8b56d1834779255c04ec6ec78660fe0f9b2a69cf3d71937e4ae
  languageName: node
  linkType: hard

"ansi-styles@npm:^4.1.0":
  version: 4.3.0
  resolution: "ansi-styles@npm:4.3.0"
  dependencies:
    color-convert: ^2.0.1
  checksum: 513b44c3b2105dd14cc42a19271e80f386466c4be574bccf60b627432f9198571ebf4ab1e4c3ba17347658f4ee1711c163d574248c0c1cdc2d5917a0ad582ec4
  languageName: node
  linkType: hard

"argparse@npm:^2.0.1":
  version: 2.0.1
  resolution: "argparse@npm:2.0.1"
  checksum: 83644b56493e89a254bae05702abf3a1101b4fa4d0ca31df1c9985275a5a5bd47b3c27b7fa0b71098d41114d8ca000e6ed90cad764b306f8a503665e4d517ced
  languageName: node
  linkType: hard

"bluebird@npm:^3.7.2":
  version: 3.7.2
  resolution: "bluebird@npm:3.7.2"
  checksum: 869417503c722e7dc54ca46715f70e15f4d9c602a423a02c825570862d12935be59ed9c7ba34a9b31f186c017c23cac6b54e35446f8353059c101da73eac22ef
  languageName: node
  linkType: hard

"camel-case@npm:^3.0.0":
  version: 3.0.0
  resolution: "camel-case@npm:3.0.0"
  dependencies:
    no-case: ^2.2.0
    upper-case: ^1.1.1
  checksum: 4190ed6ab8acf4f3f6e1a78ad4d0f3f15ce717b6bfa1b5686d58e4bcd29960f6e312dd746b5fa259c6d452f1413caef25aee2e10c9b9a580ac83e516533a961a
  languageName: node
  linkType: hard

"catharsis@npm:^0.9.0":
  version: 0.9.0
  resolution: "catharsis@npm:0.9.0"
  dependencies:
    lodash: ^4.17.15
  checksum: da867df1fd01823ea5a7283886ba382f6eb5b1fe5af356e00fd944a02d9b867f4ea2fc7f61416c53427f62760fdbd41614f6e8ae37686d2c3a4696871526df20
  languageName: node
  linkType: hard

"chalk@npm:^4.1.2":
  version: 4.1.2
  resolution: "chalk@npm:4.1.2"
  dependencies:
    ansi-styles: ^4.1.0
    supports-color: ^7.1.0
  checksum: fe75c9d5c76a7a98d45495b91b2172fa3b7a09e0cc9370e5c8feb1c567b85c4288e2b3fded7cfdd7359ac28d6b3844feb8b82b8686842e93d23c827c417e83fc
  languageName: node
  linkType: hard

"clean-css@npm:^4.2.1":
  version: 4.2.4
  resolution: "clean-css@npm:4.2.4"
  dependencies:
    source-map: ~0.6.0
  checksum: 045ff6fcf4b5c76a084b24e1633e0c78a13b24080338fc8544565a9751559aa32ff4ee5886d9e52c18a644a6ff119bd8e37bc58e574377c05382a1fb7dbe39f8
  languageName: node
  linkType: hard

"clean-jsdoc-theme@npm:4.1.2":
  version: 4.1.2
  resolution: "clean-jsdoc-theme@npm:4.1.2"
  dependencies:
    fs-extra: ^10.1.0
    html-minifier: ^4.0.0
    nanoid: ^3.3.4
  peerDependencies:
    jsdoc: 3
  checksum: cc69890f48bb98407c1398785399a68fc5f16c31eb46b09184f2e7c2604ed3b473906d89ee57d6a3c20fad47dab4854787748a385f20fb723d806b789513ac2e
  languageName: node
  linkType: hard

"color-convert@npm:^2.0.1":
  version: 2.0.1
  resolution: "color-convert@npm:2.0.1"
  dependencies:
    color-name: ~1.1.4
  checksum: 79e6bdb9fd479a205c71d89574fccfb22bd9053bd98c6c4d870d65c132e5e904e6034978e55b43d69fcaa7433af2016ee203ce76eeba9cfa554b373e7f7db336
  languageName: node
  linkType: hard

"color-name@npm:~1.1.4":
  version: 1.1.4
  resolution: "color-name@npm:1.1.4"
  checksum: b0445859521eb4021cd0fb0cc1a75cecf67fceecae89b63f62b201cca8d345baf8b952c966862a9d9a2632987d4f6581f0ec8d957dfacece86f0a7919316f610
  languageName: node
  linkType: hard

"commander@npm:^2.19.0":
  version: 2.20.3
  resolution: "commander@npm:2.20.3"
  checksum: ab8c07884e42c3a8dbc5dd9592c606176c7eb5c1ca5ff274bcf907039b2c41de3626f684ea75ccf4d361ba004bbaff1f577d5384c155f3871e456bdf27becf9e
  languageName: node
  linkType: hard

"data-uri-to-buffer@npm:^4.0.0":
  version: 4.0.0
  resolution: "data-uri-to-buffer@npm:4.0.0"
  checksum: a010653869abe8bb51259432894ac62c52bf79ad761d418d94396f48c346f2ae739c46b254e8bb5987bded8a653d467db1968db3a69bab1d33aa5567baa5cfc7
  languageName: node
  linkType: hard

"discord-api-types@npm:^0.36.2":
  version: 0.36.3
  resolution: "discord-api-types@npm:0.36.3"
  checksum: 3089c0fb37425dc5df03c76d82988d43fcc272699b06a02fc830d0a3bef550009aaebdf6d646529e8a7ccea76ae3f43b099d736ea5ef37a0be143142ab49871d
  languageName: node
  linkType: hard

"discord-api-types@npm:^0.37.0":
  version: 0.37.5
  resolution: "discord-api-types@npm:0.37.5"
  checksum: 10a23b813d9a30d836aa27169f768883eeed971ab67e58325ff272bfe6b63b169d727ae983d7c1b69c7e0b02ed9072e66e79319ce48174b36cd4a2a5fafe2e9f
  languageName: node
  linkType: hard

"discord.js@npm:^14.0.3":
  version: 14.0.3
  resolution: "discord.js@npm:14.0.3"
  dependencies:
    "@discordjs/builders": ^1.0.0
    "@discordjs/collection": ^1.0.0
    "@discordjs/rest": ^1.0.0
    "@sapphire/snowflake": ^3.2.2
    "@types/ws": ^8.5.3
    discord-api-types: ^0.36.2
    fast-deep-equal: ^3.1.3
    lodash.snakecase: ^4.1.1
    tslib: ^2.4.0
    undici: ^5.8.0
    ws: ^8.8.1
  checksum: 63c61ab94e056d09fcb85514f9c8f729db5c942407e3fbb7d546fc559ae124be363b1cdf1d71a652d3d6f4f17594b5cd0b8768aabf5e234bbc2fd0ee71f5d704
  languageName: node
  linkType: hard

"disgroupdev.js@workspace:.":
  version: 0.0.0-use.local
  resolution: "disgroupdev.js@workspace:."
  dependencies:
    chalk: ^4.1.2
    clean-jsdoc-theme: 4.1.2
    discord-api-types: ^0.37.0
    discord.js: ^14.0.3
    i18next: ^21.6.16
    i18next-fs-backend: ^1.1.4
    jsdoc: 3.6.10
    luxon: ^2.4.0
    node-fetch: ^3.2.4
    typescript: 4.7.4
  languageName: unknown
  linkType: soft

"entities@npm:~2.1.0":
  version: 2.1.0
  resolution: "entities@npm:2.1.0"
  checksum: a10a877e489586a3f6a691fe49bf3fc4e58f06c8e80522f08214a5150ba457e7017b447d4913a3fa041bda06ee4c92517baa4d8d75373eaa79369e9639225ffd
  languageName: node
  linkType: hard

"escape-string-regexp@npm:^2.0.0":
  version: 2.0.0
  resolution: "escape-string-regexp@npm:2.0.0"
  checksum: 9f8a2d5743677c16e85c810e3024d54f0c8dea6424fad3c79ef6666e81dd0846f7437f5e729dfcdac8981bc9e5294c39b4580814d114076b8d36318f46ae4395
  languageName: node
  linkType: hard

"fast-deep-equal@npm:^3.1.3":
  version: 3.1.3
  resolution: "fast-deep-equal@npm:3.1.3"
  checksum: e21a9d8d84f53493b6aa15efc9cfd53dd5b714a1f23f67fb5dc8f574af80df889b3bce25dc081887c6d25457cce704e636395333abad896ccdec03abaf1f3f9d
  languageName: node
  linkType: hard

"fetch-blob@npm:^3.1.2, fetch-blob@npm:^3.1.4":
  version: 3.1.5
  resolution: "fetch-blob@npm:3.1.5"
  dependencies:
    node-domexception: ^1.0.0
    web-streams-polyfill: ^3.0.3
  checksum: 6493f21bfe196798343431d20c0284835202728d076dd2cbf502a2846679f9265f3b0c3a7224750ae1a770b925da09e592b05fe7c3a22ca27794a39a0039ab21
  languageName: node
  linkType: hard

"file-type@npm:^17.1.2":
  version: 17.1.3
  resolution: "file-type@npm:17.1.3"
  dependencies:
    readable-web-to-node-stream: ^3.0.2
    strtok3: ^7.0.0-alpha.7
    token-types: ^5.0.0-alpha.2
  checksum: c76145e711d77f8cf0b2799329453fb6b72da0c12283cb6b7aba24c647f98fdc2740409a99d10ca46f0e9e10a8ae1641db9e287ce110dfbabb71c9582b70087b
  languageName: node
  linkType: hard

"formdata-polyfill@npm:^4.0.10":
  version: 4.0.10
  resolution: "formdata-polyfill@npm:4.0.10"
  dependencies:
    fetch-blob: ^3.1.2
  checksum: 82a34df292afadd82b43d4a740ce387bc08541e0a534358425193017bf9fb3567875dc5f69564984b1da979979b70703aa73dee715a17b6c229752ae736dd9db
  languageName: node
  linkType: hard

"fs-extra@npm:^10.1.0":
  version: 10.1.0
  resolution: "fs-extra@npm:10.1.0"
  dependencies:
    graceful-fs: ^4.2.0
    jsonfile: ^6.0.1
    universalify: ^2.0.0
  checksum: dc94ab37096f813cc3ca12f0f1b5ad6744dfed9ed21e953d72530d103cea193c2f81584a39e9dee1bea36de5ee66805678c0dddc048e8af1427ac19c00fffc50
  languageName: node
  linkType: hard

"graceful-fs@npm:^4.1.6, graceful-fs@npm:^4.2.0":
  version: 4.2.10
  resolution: "graceful-fs@npm:4.2.10"
  checksum: 3f109d70ae123951905d85032ebeae3c2a5a7a997430df00ea30df0e3a6c60cf6689b109654d6fdacd28810a053348c4d14642da1d075049e6be1ba5216218da
  languageName: node
  linkType: hard

"has-flag@npm:^4.0.0":
  version: 4.0.0
  resolution: "has-flag@npm:4.0.0"
  checksum: 261a1357037ead75e338156b1f9452c016a37dcd3283a972a30d9e4a87441ba372c8b81f818cd0fbcd9c0354b4ae7e18b9e1afa1971164aef6d18c2b6095a8ad
  languageName: node
  linkType: hard

"he@npm:^1.2.0":
  version: 1.2.0
  resolution: "he@npm:1.2.0"
  bin:
    he: bin/he
  checksum: 3d4d6babccccd79c5c5a3f929a68af33360d6445587d628087f39a965079d84f18ce9c3d3f917ee1e3978916fc833bb8b29377c3b403f919426f91bc6965e7a7
  languageName: node
  linkType: hard

"html-minifier@npm:^4.0.0":
  version: 4.0.0
  resolution: "html-minifier@npm:4.0.0"
  dependencies:
    camel-case: ^3.0.0
    clean-css: ^4.2.1
    commander: ^2.19.0
    he: ^1.2.0
    param-case: ^2.1.1
    relateurl: ^0.2.7
    uglify-js: ^3.5.1
  bin:
    html-minifier: ./cli.js
  checksum: b426aee771d9da104c1c9554e3ebd3a4f483d2ce01f4dcc4156ba33a5959044acf6bea192d5ae63b290cdb92c30a9d07fd6924c65609aa82382ce411328f94ca
  languageName: node
  linkType: hard

"i18next-fs-backend@npm:^1.1.4":
  version: 1.1.4
  resolution: "i18next-fs-backend@npm:1.1.4"
  checksum: 7da252aa618f82555a99709b0f8afed997b7b20aeb5e66c92fe13f5b676c80b8a3cad24a1e38c599c6ab6e9169c4be87268c30e48cf1965cbcc8a69ff76bd0a4
  languageName: node
  linkType: hard

"i18next@npm:^21.6.16":
  version: 21.6.16
  resolution: "i18next@npm:21.6.16"
  dependencies:
    "@babel/runtime": ^7.17.2
  checksum: f210130fd835ebd90bfdc6a497d3c1d992261174e030e995a03d070b099acba680e495a376eb9255bb8eb68b4e518fe8ea96ec71507e194fd043aecb3397c9a2
  languageName: node
  linkType: hard

"ieee754@npm:^1.2.1":
  version: 1.2.1
  resolution: "ieee754@npm:1.2.1"
  checksum: 5144c0c9815e54ada181d80a0b810221a253562422e7c6c3a60b1901154184f49326ec239d618c416c1c5945a2e197107aee8d986a3dd836b53dffefd99b5e7e
  languageName: node
  linkType: hard

"inherits@npm:^2.0.3":
  version: 2.0.4
  resolution: "inherits@npm:2.0.4"
  checksum: 4a48a733847879d6cf6691860a6b1e3f0f4754176e4d71494c41f3475553768b10f84b5ce1d40fbd0e34e6bfbb864ee35858ad4dd2cf31e02fc4a154b724d7f1
  languageName: node
  linkType: hard

"js2xmlparser@npm:^4.0.2":
  version: 4.0.2
  resolution: "js2xmlparser@npm:4.0.2"
  dependencies:
    xmlcreate: ^2.0.4
  checksum: 55e3af71dc0104941dfc3e85452230db42ff3870a5777d1ea26bc0c68743f49113a517a7b305421a932b29f10058a012a7da8f5ba07860a05a1dce9fe5b62962
  languageName: node
  linkType: hard

"jsdoc@npm:3.6.10":
  version: 3.6.10
  resolution: "jsdoc@npm:3.6.10"
  dependencies:
    "@babel/parser": ^7.9.4
    "@types/markdown-it": ^12.2.3
    bluebird: ^3.7.2
    catharsis: ^0.9.0
    escape-string-regexp: ^2.0.0
    js2xmlparser: ^4.0.2
    klaw: ^4.0.1
    markdown-it: ^12.3.2
    markdown-it-anchor: ^8.4.1
    marked: ^4.0.10
    mkdirp: ^1.0.4
    requizzle: ^0.2.3
    strip-json-comments: ^3.1.0
    taffydb: 2.6.2
    underscore: ~1.13.2
  bin:
    jsdoc: jsdoc.js
  checksum: 8902aa91a51c393036e0c4701ec6b1134dee5f0b42e6b9c7660958410200868368d6bf3df537d1c0fbcd193da83cbea9b8a60804f93bca658bc10e37ae999ab7
  languageName: node
  linkType: hard

"jsonfile@npm:^6.0.1":
  version: 6.1.0
  resolution: "jsonfile@npm:6.1.0"
  dependencies:
    graceful-fs: ^4.1.6
    universalify: ^2.0.0
  dependenciesMeta:
    graceful-fs:
      optional: true
  checksum: 7af3b8e1ac8fe7f1eccc6263c6ca14e1966fcbc74b618d3c78a0a2075579487547b94f72b7a1114e844a1e15bb00d440e5d1720bfc4612d790a6f285d5ea8354
  languageName: node
  linkType: hard

"klaw@npm:^4.0.1":
  version: 4.0.1
  resolution: "klaw@npm:4.0.1"
  checksum: 7835649ef632f96099d500f94b38c032acf1432ad5e87da596a2509c2f6a63a7fc346fb357e2227091cc433af5c1378ed448e1c0522ed028981dcd446152291e
  languageName: node
  linkType: hard

"linkify-it@npm:^3.0.1":
  version: 3.0.3
  resolution: "linkify-it@npm:3.0.3"
  dependencies:
    uc.micro: ^1.0.1
  checksum: 31367a4bb70c5bbc9703246236b504b0a8e049bcd4e0de4291fa50f0ebdebf235b5eb54db6493cb0b1319357c6eeafc4324c9f4aa34b0b943d9f2e11a1268fbc
  languageName: node
  linkType: hard

"lodash.snakecase@npm:^4.1.1":
  version: 4.1.1
  resolution: "lodash.snakecase@npm:4.1.1"
  checksum: 1685ed3e83dda6eae5a4dcaee161a51cd210aabb3e1c09c57150e7dd8feda19e4ca0d27d0631eabe8d0f4eaa51e376da64e8c018ae5415417c5890d42feb72a8
  languageName: node
  linkType: hard

"lodash.uniqwith@npm:^4.5.0":
  version: 4.5.0
  resolution: "lodash.uniqwith@npm:4.5.0"
  checksum: d49a4565ed64efd86674127d321622673c29cde3e060baebc0f30372f22886c61b2ead44709db8c890053db1b9660e8ed689689812c1a485eb5703caa94d1150
  languageName: node
  linkType: hard

"lodash@npm:^4.17.14, lodash@npm:^4.17.15":
  version: 4.17.21
  resolution: "lodash@npm:4.17.21"
  checksum: eb835a2e51d381e561e508ce932ea50a8e5a68f4ebdd771ea240d3048244a8d13658acbd502cd4829768c56f2e16bdd4340b9ea141297d472517b83868e677f7
  languageName: node
  linkType: hard

"lower-case@npm:^1.1.1":
  version: 1.1.4
  resolution: "lower-case@npm:1.1.4"
  checksum: 1ca9393b5eaef94a64e3f89e38b63d15bc7182a91171e6ad1550f51d710ec941540a065b274188f2e6b4576110cc2d11b50bc4bb7c603a040ddeb1db4ca95197
  languageName: node
  linkType: hard

"luxon@npm:^2.4.0":
  version: 2.4.0
  resolution: "luxon@npm:2.4.0"
  checksum: 6071028d65cc3d3bdab5e6a3995dd97411c92bb3b3163a02deb7b7014318ad3a6fd750ae77131c42141b717c14aef8880d3130f265281d500ef2365f7265b3f3
  languageName: node
  linkType: hard

"markdown-it-anchor@npm:^8.4.1":
  version: 8.6.4
  resolution: "markdown-it-anchor@npm:8.6.4"
  peerDependencies:
    "@types/markdown-it": "*"
    markdown-it: "*"
  checksum: bde310d0202450a228662921df9d9c2e95b3c5762512e8eed1d472fcc812fb20e6b4e98480cda88c8b56b0baf34ac70d6bf8404309c5a2321ebe62da43cd6fe6
  languageName: node
  linkType: hard

"markdown-it@npm:^12.3.2":
  version: 12.3.2
  resolution: "markdown-it@npm:12.3.2"
  dependencies:
    argparse: ^2.0.1
    entities: ~2.1.0
    linkify-it: ^3.0.1
    mdurl: ^1.0.1
    uc.micro: ^1.0.5
  bin:
    markdown-it: bin/markdown-it.js
  checksum: 890555711c1c00fa03b936ca2b213001a3b9b37dea140d8445ae4130ce16628392aad24b12e2a0a9935336ca5951f2957a38f4e5309a2e38eab44e25ff32a41e
  languageName: node
  linkType: hard

"marked@npm:^4.0.10":
  version: 4.0.16
  resolution: "marked@npm:4.0.16"
  bin:
    marked: bin/marked.js
  checksum: c0ef780bf56c9bb49c15b66683e5648410c924c1d725f1489fc3c7dc3bd01194c50d720052bb0282ad7907f472dfdc8fa278acbc7903c5db3be4b83487e0d684
  languageName: node
  linkType: hard

"mdurl@npm:^1.0.1":
  version: 1.0.1
  resolution: "mdurl@npm:1.0.1"
  checksum: 71731ecba943926bfbf9f9b51e28b5945f9411c4eda80894221b47cc105afa43ba2da820732b436f0798fd3edbbffcd1fc1415843c41a87fea08a41cc1e3d02b
  languageName: node
  linkType: hard

"mkdirp@npm:^1.0.4":
  version: 1.0.4
  resolution: "mkdirp@npm:1.0.4"
  bin:
    mkdirp: bin/cmd.js
  checksum: a96865108c6c3b1b8e1d5e9f11843de1e077e57737602de1b82030815f311be11f96f09cce59bd5b903d0b29834733e5313f9301e3ed6d6f6fba2eae0df4298f
  languageName: node
  linkType: hard

"nanoid@npm:^3.3.4":
  version: 3.3.4
  resolution: "nanoid@npm:3.3.4"
  bin:
    nanoid: bin/nanoid.cjs
  checksum: 2fddd6dee994b7676f008d3ffa4ab16035a754f4bb586c61df5a22cf8c8c94017aadd360368f47d653829e0569a92b129979152ff97af23a558331e47e37cd9c
  languageName: node
  linkType: hard

"no-case@npm:^2.2.0":
  version: 2.3.2
  resolution: "no-case@npm:2.3.2"
  dependencies:
    lower-case: ^1.1.1
  checksum: 856487731936fef44377ca74fdc5076464aba2e0734b56a4aa2b2a23d5b154806b591b9b2465faa59bb982e2b5c9391e3685400957fb4eeb38f480525adcf3dd
  languageName: node
  linkType: hard

"node-domexception@npm:^1.0.0":
  version: 1.0.0
  resolution: "node-domexception@npm:1.0.0"
  checksum: ee1d37dd2a4eb26a8a92cd6b64dfc29caec72bff5e1ed9aba80c294f57a31ba4895a60fd48347cf17dd6e766da0ae87d75657dfd1f384ebfa60462c2283f5c7f
  languageName: node
  linkType: hard

"node-fetch@npm:^3.2.4":
  version: 3.2.4
  resolution: "node-fetch@npm:3.2.4"
  dependencies:
    data-uri-to-buffer: ^4.0.0
    fetch-blob: ^3.1.4
    formdata-polyfill: ^4.0.10
  checksum: cfc715441302167bd4a9c6d6f3ff8eecb65e5aeeccd55a690497dcce5f95ec017d65c5682414287cad3998a28b1bab4820dcbe51852902eaa5f15f3975562384
  languageName: node
  linkType: hard

"param-case@npm:^2.1.1":
  version: 2.1.1
  resolution: "param-case@npm:2.1.1"
  dependencies:
    no-case: ^2.2.0
  checksum: 3a63dcb8d8dc7995a612de061afdc7bb6fe7bd0e6db994db8d4cae999ed879859fd24389090e1a0d93f4c9207ebf8c048c870f468a3f4767161753e03cb9ab58
  languageName: node
  linkType: hard

"peek-readable@npm:^5.0.0-alpha.5":
  version: 5.0.0-alpha.5
  resolution: "peek-readable@npm:5.0.0-alpha.5"
  checksum: cab949ed457dac95ae191dd412c6a0ba05e8db4842fd51704ccf2c8c16d6f3ceeefc997e8caea584a0395f229e468c0203a38a8d0ec68cfef8bacc157a006dcb
  languageName: node
  linkType: hard

"readable-stream@npm:^3.6.0":
  version: 3.6.0
  resolution: "readable-stream@npm:3.6.0"
  dependencies:
    inherits: ^2.0.3
    string_decoder: ^1.1.1
    util-deprecate: ^1.0.1
  checksum: d4ea81502d3799439bb955a3a5d1d808592cf3133350ed352aeaa499647858b27b1c4013984900238b0873ec8d0d8defce72469fb7a83e61d53f5ad61cb80dc8
  languageName: node
  linkType: hard

"readable-web-to-node-stream@npm:^3.0.2":
  version: 3.0.2
  resolution: "readable-web-to-node-stream@npm:3.0.2"
  dependencies:
    readable-stream: ^3.6.0
  checksum: 8c56cc62c68513425ddfa721954875b382768f83fa20e6b31e365ee00cbe7a3d6296f66f7f1107b16cd3416d33aa9f1680475376400d62a081a88f81f0ea7f9c
  languageName: node
  linkType: hard

"regenerator-runtime@npm:^0.13.4":
  version: 0.13.9
  resolution: "regenerator-runtime@npm:0.13.9"
  checksum: 65ed455fe5afd799e2897baf691ca21c2772e1a969d19bb0c4695757c2d96249eb74ee3553ea34a91062b2a676beedf630b4c1551cc6299afb937be1426ec55e
  languageName: node
  linkType: hard

"relateurl@npm:^0.2.7":
  version: 0.2.7
  resolution: "relateurl@npm:0.2.7"
  checksum: 5891e792eae1dfc3da91c6fda76d6c3de0333a60aa5ad848982ebb6dccaa06e86385fb1235a1582c680a3d445d31be01c6bfc0804ebbcab5aaf53fa856fde6b6
  languageName: node
  linkType: hard

"requizzle@npm:^0.2.3":
  version: 0.2.3
  resolution: "requizzle@npm:0.2.3"
  dependencies:
    lodash: ^4.17.14
  checksum: b1b27c6ad16a2621d4cdb57cd44f01d302974df60f84f94b4d9d313dfe1d375e5b1a12f46010929fe508e83c40696a2105d38c1d1906c228500ac72b23a0d0c6
  languageName: node
  linkType: hard

"safe-buffer@npm:~5.2.0":
  version: 5.2.1
  resolution: "safe-buffer@npm:5.2.1"
  checksum: b99c4b41fdd67a6aaf280fcd05e9ffb0813654894223afb78a31f14a19ad220bba8aba1cb14eddce1fcfb037155fe6de4e861784eb434f7d11ed58d1e70dd491
  languageName: node
  linkType: hard

"source-map@npm:~0.6.0":
  version: 0.6.1
  resolution: "source-map@npm:0.6.1"
  checksum: 59ce8640cf3f3124f64ac289012c2b8bd377c238e316fb323ea22fbfe83da07d81e000071d7242cad7a23cd91c7de98e4df8830ec3f133cb6133a5f6e9f67bc2
  languageName: node
  linkType: hard

"string_decoder@npm:^1.1.1":
  version: 1.3.0
  resolution: "string_decoder@npm:1.3.0"
  dependencies:
    safe-buffer: ~5.2.0
  checksum: 8417646695a66e73aefc4420eb3b84cc9ffd89572861fe004e6aeb13c7bc00e2f616247505d2dbbef24247c372f70268f594af7126f43548565c68c117bdeb56
  languageName: node
  linkType: hard

"strip-json-comments@npm:^3.1.0":
  version: 3.1.1
  resolution: "strip-json-comments@npm:3.1.1"
  checksum: 492f73e27268f9b1c122733f28ecb0e7e8d8a531a6662efbd08e22cccb3f9475e90a1b82cab06a392f6afae6d2de636f977e231296400d0ec5304ba70f166443
  languageName: node
  linkType: hard

"strtok3@npm:^7.0.0-alpha.7":
  version: 7.0.0-alpha.8
  resolution: "strtok3@npm:7.0.0-alpha.8"
  dependencies:
    "@tokenizer/token": ^0.3.0
    peek-readable: ^5.0.0-alpha.5
  checksum: 00e5c9ed0c5de537839cf443d5628f0ae88d2956ca1fdcbd45cd97372045d7179a40ec99f6d06b02c59ec2141e362142ad0a87c59506d401dbd3bd1ee242abaa
  languageName: node
  linkType: hard

"supports-color@npm:^7.1.0":
  version: 7.2.0
  resolution: "supports-color@npm:7.2.0"
  dependencies:
    has-flag: ^4.0.0
  checksum: 3dda818de06ebbe5b9653e07842d9479f3555ebc77e9a0280caf5a14fb877ffee9ed57007c3b78f5a6324b8dbeec648d9e97a24e2ed9fdb81ddc69ea07100f4a
  languageName: node
  linkType: hard

"taffydb@npm:2.6.2":
  version: 2.6.2
  resolution: "taffydb@npm:2.6.2"
  checksum: 8fea9cdff71735a40320c4beeb80cb98837076cb89614bc55ac5d67561f35ebae158cfc07a193a1099b5e32746433b2c086b0cd6d56f29aa7c7678e74968335b
  languageName: node
  linkType: hard

"to-fast-properties@npm:^2.0.0":
  version: 2.0.0
  resolution: "to-fast-properties@npm:2.0.0"
  checksum: be2de62fe58ead94e3e592680052683b1ec986c72d589e7b21e5697f8744cdbf48c266fa72f6c15932894c10187b5f54573a3bcf7da0bfd964d5caf23d436168
  languageName: node
  linkType: hard

"token-types@npm:^5.0.0-alpha.2":
  version: 5.0.0-alpha.2
  resolution: "token-types@npm:5.0.0-alpha.2"
  dependencies:
    "@tokenizer/token": ^0.3.0
    ieee754: ^1.2.1
  checksum: ee23eeed6f383b1072d99781d62fc7840f1296a96d47e636e36fca757debd7eb4274d31fcd2d56997606eede00b12b1e61a64610fe0ed7807d6b1c4dcf5ccc6b
  languageName: node
  linkType: hard

"ts-mixer@npm:^6.0.1":
  version: 6.0.1
  resolution: "ts-mixer@npm:6.0.1"
  checksum: 7050f6e85a24155d18cecdcc0a098d1038991cc498317fcffa9d7a8654c776d417fb97e65de1ce8e7ed54ef4814abd8057d0efb9c3b24e9cc78ac3c0f48bbf53
  languageName: node
  linkType: hard

"tslib@npm:^2.4.0":
  version: 2.4.0
  resolution: "tslib@npm:2.4.0"
  checksum: 8c4aa6a3c5a754bf76aefc38026134180c053b7bd2f81338cb5e5ebf96fefa0f417bff221592bf801077f5bf990562f6264fecbc42cd3309b33872cb6fc3b113
  languageName: node
  linkType: hard

"typescript@npm:4.7.4":
  version: 4.7.4
  resolution: "typescript@npm:4.7.4"
  bin:
    tsc: bin/tsc
    tsserver: bin/tsserver
  checksum: 5750181b1cd7e6482c4195825547e70f944114fb47e58e4aa7553e62f11b3f3173766aef9c281783edfd881f7b8299cf35e3ca8caebe73d8464528c907a164df
  languageName: node
  linkType: hard

"typescript@patch:typescript@4.7.4#~builtin<compat/typescript>":
  version: 4.7.4
  resolution: "typescript@patch:typescript@npm%3A4.7.4#~builtin<compat/typescript>::version=4.7.4&hash=a1c5e5"
  bin:
    tsc: bin/tsc
    tsserver: bin/tsserver
  checksum: 9096d8f6c16cb80ef3bf96fcbbd055bf1c4a43bd14f3b7be45a9fbe7ada46ec977f604d5feed3263b4f2aa7d4c7477ce5f9cd87de0d6feedec69a983f3a4f93e
  languageName: node
  linkType: hard

"uc.micro@npm:^1.0.1, uc.micro@npm:^1.0.5":
  version: 1.0.6
  resolution: "uc.micro@npm:1.0.6"
  checksum: 6898bb556319a38e9cf175e3628689347bd26fec15fc6b29fa38e0045af63075ff3fea4cf1fdba9db46c9f0cbf07f2348cd8844889dd31ebd288c29fe0d27e7a
  languageName: node
  linkType: hard

"uglify-js@npm:^3.5.1":
  version: 3.16.2
  resolution: "uglify-js@npm:3.16.2"
  bin:
    uglifyjs: bin/uglifyjs
  checksum: 5b62e748b7fa1d982f0949ed1876b9367dcde4782f74159f4ea0b3d130835336eb0245e090456ec057468d937eb016114677bb38a7a4fdc7f68c3d002ca760ee
  languageName: node
  linkType: hard

"underscore@npm:~1.13.2":
  version: 1.13.3
  resolution: "underscore@npm:1.13.3"
  checksum: 1ea0b333ee20fdb3dcf20883d505817bf9de3dc67f0a674c1c49428cec5e480178ce5f6b7c9f72c3a8fe05a1e344dcec5c918a7f89aa1661632aa378612a2264
  languageName: node
  linkType: hard

"undici@npm:^5.7.0, undici@npm:^5.8.0":
  version: 5.8.0
  resolution: "undici@npm:5.8.0"
  checksum: 7b486ad064da00628d3906e140b86223023cd3494c811da8d7aa1375c2392fe6a6ac421af236c056fd3d3136bba3a91b99e0505dde071dd946070946eb0718b8
  languageName: node
  linkType: hard

"universalify@npm:^2.0.0":
  version: 2.0.0
  resolution: "universalify@npm:2.0.0"
  checksum: 2406a4edf4a8830aa6813278bab1f953a8e40f2f63a37873ffa9a3bc8f9745d06cc8e88f3572cb899b7e509013f7f6fcc3e37e8a6d914167a5381d8440518c44
  languageName: node
  linkType: hard

"upper-case@npm:^1.1.1":
  version: 1.1.3
  resolution: "upper-case@npm:1.1.3"
  checksum: 991c845de75fa56e5ad983f15e58494dd77b77cadd79d273cc11e8da400067e9881ae1a52b312aed79b3d754496e2e0712e08d22eae799e35c7f9ba6f3d8a85d
  languageName: node
  linkType: hard

"util-deprecate@npm:^1.0.1":
  version: 1.0.2
  resolution: "util-deprecate@npm:1.0.2"
  checksum: 474acf1146cb2701fe3b074892217553dfcf9a031280919ba1b8d651a068c9b15d863b7303cb15bd00a862b498e6cf4ad7b4a08fb134edd5a6f7641681cb54a2
  languageName: node
  linkType: hard

"web-streams-polyfill@npm:^3.0.3":
  version: 3.2.1
  resolution: "web-streams-polyfill@npm:3.2.1"
  checksum: b119c78574b6d65935e35098c2afdcd752b84268e18746606af149e3c424e15621b6f1ff0b42b2676dc012fc4f0d313f964b41a4b5031e525faa03997457da02
  languageName: node
  linkType: hard

"ws@npm:^8.8.1":
  version: 8.8.1
  resolution: "ws@npm:8.8.1"
  peerDependencies:
    bufferutil: ^4.0.1
    utf-8-validate: ^5.0.2
  peerDependenciesMeta:
    bufferutil:
      optional: true
    utf-8-validate:
      optional: true
  checksum: 2152cf862cae0693f3775bc688a6afb2e989d19d626d215e70f5fcd8eb55b1c3b0d3a6a4052905ec320e2d7734e20aeedbf9744496d62f15a26ad79cf4cf7dae
  languageName: node
  linkType: hard

"xmlcreate@npm:^2.0.4":
  version: 2.0.4
  resolution: "xmlcreate@npm:2.0.4"
  checksum: b8dd52668b9aea77cd1408fa85538c14bb8dcc98b4e7bb51e76696c9c115d59eba7240298d0c4fd2caf8f1a8e283ab4e5c7b9a6bcfcf23a8b48f5068b677b748
  languageName: node
  linkType: hard
